
Microsoft Visual Studio Solution File, Format Version 12.00
# Visual Studio Version 16
VisualStudioVersion = 16.0.33214.272
MinimumVisualStudioVersion = 10.0.40219.1
Project("{9A19103F-16F7-4668-BE54-9A1E7A4F7556}") = "Projekat", "Projekat\Projekat.csproj", "{61B1F39F-5815-407A-8BCC-FC1F9C169BAB}"
EndProject
Global
	GlobalSection(SolutionConfigurationPlatforms) = preSolution
		Debug|Any CPU = Debug|Any CPU
		Release|Any CPU = Release|Any CPU
	EndGlobalSection
	GlobalSection(ProjectConfigurationPlatforms) = postSolution
		{61B1F39F-5815-407A-8BCC-FC1F9C169BAB}.Debug|Any CPU.ActiveCfg = Debug|Any CPU
		{61B1F39F-5815-407A-8BCC-FC1F9C169BAB}.Debug|Any CPU.Build.0 = Debug|Any CPU
		{61B1F39F-5815-407A-8BCC-FC1F9C169BAB}.Release|Any CPU.ActiveCfg = Release|Any CPU
		{61B1F39F-5815-407A-8BCC-FC1F9C169BAB}.Release|Any CPU.Build.0 = Release|Any CPU
	EndGlobalSection
	GlobalSection(SolutionProperties) = preSolution
		HideSolutionNode = FALSE
	EndGlobalSection
	GlobalSection(ExtensibilityGlobals) = postSolution
		SolutionGuid = {F170733F-FBB9-43AE-A19F-8464180669AC}
	EndGlobalSection
EndGlobal
